<?xml version="1.0" encoding="utf-8"?>
<Project ToolsVersion="4.0" xmlns="http://schemas.microsoft.com/developer/msbuild/2003">
  <ItemGroup>
    <Filter Include="Source Files">
      <UniqueIdentifier>{4FC737F1-C7A5-4376-A066-2A32D752A2FF}</UniqueIdentifier>
      <Extensions>cpp;c;cc;cxx;def;odl;idl;hpj;bat;asm;asmx</Extensions>
    </Filter>
    <Filter Include="Header Files">
      <UniqueIdentifier>{93995380-89BD-4b04-88EB-625FBE52EBFB}</UniqueIdentifier>
      <Extensions>h;hpp;hxx;hm;inl;inc;xsd</Extensions>
    </Filter>
    <Filter Include="Resource Files">
      <UniqueIdentifier>{67DA6AB6-F800-4c08-8B7A-83BB121AAD01}</UniqueIdentifier>
      <Extensions>rc;ico;cur;bmp;dlg;rc2;rct;bin;rgs;gif;jpg;jpeg;jpe;resx;tiff;tif;png;wav;mfcribbon-ms</Extensions>
    </Filter>
    <Filter Include="Header Files\Items">
      <UniqueIdentifier>{0239e2c5-d1f3-4ce1-bc8d-583682e0e72a}</UniqueIdentifier>
    </Filter>
    <Filter Include="Source Files\Items">
      <UniqueIdentifier>{ca8af830-e2da-4ed6-b607-24d425bc6e0f}</UniqueIdentifier>
    </Filter>
    <Filter Include="Header Files\Engine">
      <UniqueIdentifier>{25245fed-fdf1-45d6-b55e-553d6c6f5c98}</UniqueIdentifier>
    </Filter>
    <Filter Include="Source Files\Engine">
      <UniqueIdentifier>{9dffb51f-0c6e-4815-9349-288cc5608ef0}</UniqueIdentifier>
    </Filter>
  </ItemGroup>
  <ItemGroup>
    <ClCompile Include="winmain.cpp">
      <Filter>Source Files</Filter>
    </ClCompile>
    <ClCompile Include="americanHobo.cpp">
      <Filter>Source Files</Filter>
    </ClCompile>
    <ClCompile Include="hero.cpp">
      <Filter>Source Files</Filter>
    </ClCompile>
    <ClCompile Include="sword.cpp">
      <Filter>Source Files</Filter>
    </ClCompile>
    <ClCompile Include="hobo.cpp">
      <Filter>Source Files</Filter>
    </ClCompile>
    <ClCompile Include="menu.cpp">
      <Filter>Source Files</Filter>
    </ClCompile>
    <ClCompile Include="item.cpp">
      <Filter>Source Files\Items</Filter>
    </ClCompile>
    <ClCompile Include="weapon.cpp">
      <Filter>Source Files\Items</Filter>
    </ClCompile>
    <ClCompile Include="shield.cpp">
      <Filter>Source Files\Items</Filter>
    </ClCompile>
    <ClCompile Include="armor.cpp">
      <Filter>Source Files\Items</Filter>
    </ClCompile>
    <ClCompile Include="audio.cpp">
      <Filter>Source Files\Engine</Filter>
    </ClCompile>
    <ClCompile Include="entity.cpp">
      <Filter>Source Files\Engine</Filter>
    </ClCompile>
    <ClCompile Include="game.cpp">
      <Filter>Source Files\Engine</Filter>
    </ClCompile>
    <ClCompile Include="graphics.cpp">
      <Filter>Source Files\Engine</Filter>
    </ClCompile>
    <ClCompile Include="image.cpp">
      <Filter>Source Files\Engine</Filter>
    </ClCompile>
    <ClCompile Include="textDX.cpp">
      <Filter>Source Files\Engine</Filter>
    </ClCompile>
    <ClCompile Include="textureManager.cpp">
      <Filter>Source Files\Engine</Filter>
    </ClCompile>
    <ClCompile Include="input.cpp">
      <Filter>Source Files\Engine</Filter>
    </ClCompile>
    <ClCompile Include="brawler.cpp">
      <Filter>Source Files</Filter>
    </ClCompile>
    <ClCompile Include="bottle.cpp">
      <Filter>Source Files</Filter>
    </ClCompile>
    <ClCompile Include="thrower.cpp">
      <Filter>Source Files</Filter>
    </ClCompile>
    <ClCompile Include="heart.cpp">
      <Filter>Source Files</Filter>
    </ClCompile>
    <ClCompile Include="boss.cpp">
      <Filter>Source Files</Filter>
    </ClCompile>
    <ClCompile Include="spikeball.cpp">
      <Filter>Source Files</Filter>
    </ClCompile>
  </ItemGroup>
  <ItemGroup>
    <ClInclude Include="weapon.h">
      <Filter>Header Files\Items</Filter>
    </ClInclude>
    <ClInclude Include="item.h">
      <Filter>Header Files\Items</Filter>
    </ClInclude>
    <ClInclude Include="shield.h">
      <Filter>Header Files\Items</Filter>
    </ClInclude>
    <ClInclude Include="armor.h">
      <Filter>Header Files\Items</Filter>
    </ClInclude>
    <ClInclude Include="americanHobo.h">
      <Filter>Header Files</Filter>
    </ClInclude>
    <ClInclude Include="constants.h">
      <Filter>Header Files</Filter>
    </ClInclude>
    <ClInclude Include="hero.h">
      <Filter>Header Files</Filter>
    </ClInclude>
    <ClInclude Include="hobo.h">
      <Filter>Header Files</Filter>
    </ClInclude>
    <ClInclude Include="menu.h">
      <Filter>Header Files</Filter>
    </ClInclude>
    <ClInclude Include="sword.h">
      <Filter>Header Files</Filter>
    </ClInclude>
    <ClInclude Include="audio.h">
      <Filter>Header Files\Engine</Filter>
    </ClInclude>
    <ClInclude Include="entity.h">
      <Filter>Header Files\Engine</Filter>
    </ClInclude>
    <ClInclude Include="game.h">
      <Filter>Header Files\Engine</Filter>
    </ClInclude>
    <ClInclude Include="gameError.h">
      <Filter>Header Files\Engine</Filter>
    </ClInclude>
    <ClInclude Include="graphics.h">
      <Filter>Header Files\Engine</Filter>
    </ClInclude>
    <ClInclude Include="image.h">
      <Filter>Header Files\Engine</Filter>
    </ClInclude>
    <ClInclude Include="input.h">
      <Filter>Header Files\Engine</Filter>
    </ClInclude>
    <ClInclude Include="textDX.h">
      <Filter>Header Files\Engine</Filter>
    </ClInclude>
    <ClInclude Include="textureManager.h">
      <Filter>Header Files\Engine</Filter>
    </ClInclude>
    <ClInclude Include="brawler.h">
      <Filter>Header Files</Filter>
    </ClInclude>
    <ClInclude Include="bottle.h">
      <Filter>Header Files</Filter>
    </ClInclude>
    <ClInclude Include="thrower.h">
      <Filter>Header Files</Filter>
    </ClInclude>
    <ClInclude Include="heart.h">
      <Filter>Header Files</Filter>
    </ClInclude>
    <ClInclude Include="boss.h">
      <Filter>Header Files</Filter>
    </ClInclude>
    <ClInclude Include="spikeball.h">
      <Filter>Header Files</Filter>
    </ClInclude>
  </ItemGroup>
  <ItemGroup>
    <None Include="ClassDiagram1.cd" />
  </ItemGroup>
</Project>